{
    "name": "test-types",
    "version": "1.0.0",
    "lockfileVersion": 1,
    "requires": true,
    "dependencies": {
        "typescript": {
            "version": "3.3.3",
            "resolved": "https://privagroup.pkgs.visualstudio.com/_packaging/priva.npm/npm/registry/typescript/-/typescript-3.3.3.tgz",
            "integrity": "sha1-8WV/x9qifhqJMHWKzpro2jFAMiE="
        }
    }
}
