
Microsoft Visual Studio Solution File, Format Version 12.00
# Visual Studio 15
VisualStudioVersion = 15.0.28307.271
MinimumVisualStudioVersion = 10.0.40219.1
Project("{FAE04EC0-301F-11D3-BF4B-00C04F79EFBC}") = "SerilogDemo", "SerilogDemo\SerilogDemo.csproj", "{1347CD1B-B023-40CB-8AFB-489C9D3D5708}"
EndProject
Global
	GlobalSection(SolutionConfigurationPlatforms) = preSolution
		Debug|Any CPU = Debug|Any CPU
		Release|Any CPU = Release|Any CPU
	EndGlobalSection
	GlobalSection(ProjectConfigurationPlatforms) = postSolution
		{1347CD1B-B023-40CB-8AFB-489C9D3D5708}.Debug|Any CPU.ActiveCfg = Debug|Any CPU
		{1347CD1B-B023-40CB-8AFB-489C9D3D5708}.Debug|Any CPU.Build.0 = Debug|Any CPU
		{1347CD1B-B023-40CB-8AFB-489C9D3D5708}.Release|Any CPU.ActiveCfg = Release|Any CPU
		{1347CD1B-B023-40CB-8AFB-489C9D3D5708}.Release|Any CPU.Build.0 = Release|Any CPU
	EndGlobalSection
	GlobalSection(SolutionProperties) = preSolution
		HideSolutionNode = FALSE
	EndGlobalSection
	GlobalSection(ExtensibilityGlobals) = postSolution
		SolutionGuid = {83E9FB17-DCC9-4FBF-B4AD-D24C83C6FF84}
	EndGlobalSection
EndGlobal
